// !$*UTF8*$!
{
	archiveVersion = 1;
	classes = {
	};
	objectVersion = 48;
	objects = {

/* Begin PBXBuildFile section */
		56C3AD9E1FF5D3B300A7D1F5 /* AppDelegate.swift in Sources */ = {isa = PBXBuildFile; fileRef = 56C3AD9D1FF5D3B300A7D1F5 /* AppDelegate.swift */; };
		56C3ADA01FF5D3B300A7D1F5 /* ViewController.swift in Sources */ = {isa = PBXBuildFile; fileRef = 56C3AD9F1FF5D3B300A7D1F5 /* ViewController.swift */; };
		56C3ADA31FF5D3B300A7D1F5 /* Main.storyboard in Resources */ = {isa = PBXBuildFile; fileRef = 56C3ADA11FF5D3B300A7D1F5 /* Main.storyboard */; };
		56C3ADA51FF5D3B300A7D1F5 /* Assets.xcassets in Resources */ = {isa = PBXBuildFile; fileRef = 56C3ADA41FF5D3B300A7D1F5 /* Assets.xcassets */; };
		56C3ADA81FF5D3B300A7D1F5 /* LaunchScreen.storyboard in Resources */ = {isa = PBXBuildFile; fileRef = 56C3ADA61FF5D3B300A7D1F5 /* LaunchScreen.storyboard */; };
		56C3ADB31FF5D3B300A7D1F5 /* MusubiImagePreviewDemoTests.swift in Sources */ = {isa = PBXBuildFile; fileRef = 56C3ADB21FF5D3B300A7D1F5 /* MusubiImagePreviewDemoTests.swift */; };
		56C3ADE61FF60D5A00A7D1F5 /* Twitter-halloween.png in Resources */ = {isa = PBXBuildFile; fileRef = 56C3ADE51FF60D5A00A7D1F5 /* Twitter-halloween.png */; };
		56C3AE591FF6261300A7D1F5 /* MusubiImagePreview.framework in Frameworks */ = {isa = PBXBuildFile; fileRef = 56C3ADC31FF5D3C100A7D1F5 /* MusubiImagePreview.framework */; };
		56C3AE5A1FF6261300A7D1F5 /* MusubiImagePreview.framework in Embed Frameworks */ = {isa = PBXBuildFile; fileRef = 56C3ADC31FF5D3C100A7D1F5 /* MusubiImagePreview.framework */; settings = {ATTRIBUTES = (CodeSignOnCopy, RemoveHeadersOnCopy, ); }; };
/* End PBXBuildFile section */

/* Begin PBXContainerItemProxy section */
		56C3ADAF1FF5D3B300A7D1F5 /* PBXContainerItemProxy */ = {
			isa = PBXContainerItemProxy;
			containerPortal = 56C3AD921FF5D3B300A7D1F5 /* Project object */;
			proxyType = 1;
			remoteGlobalIDString = 56C3AD991FF5D3B300A7D1F5;
			remoteInfo = MusubiImagePreviewDemo;
		};
		56C3ADC21FF5D3C100A7D1F5 /* PBXContainerItemProxy */ = {
			isa = PBXContainerItemProxy;
			containerPortal = 56C3ADBD1FF5D3C100A7D1F5 /* MusubiImagePreview.xcodeproj */;
			proxyType = 2;
			remoteGlobalIDString = 56C3AD771FF5D35D00A7D1F5;
			remoteInfo = MusubiImagePreview;
		};
		56C3ADC41FF5D3C100A7D1F5 /* PBXContainerItemProxy */ = {
			isa = PBXContainerItemProxy;
			containerPortal = 56C3ADBD1FF5D3C100A7D1F5 /* MusubiImagePreview.xcodeproj */;
			proxyType = 2;
			remoteGlobalIDString = 56C3AD801FF5D35D00A7D1F5;
			remoteInfo = MusubiImagePreviewTests;
		};
		56C3AE561FF624E900A7D1F5 /* PBXContainerItemProxy */ = {
			isa = PBXContainerItemProxy;
			containerPortal = 56C3ADBD1FF5D3C100A7D1F5 /* MusubiImagePreview.xcodeproj */;
			proxyType = 1;
			remoteGlobalIDString = 56C3AD761FF5D35D00A7D1F5;
			remoteInfo = MusubiImagePreview;
		};
		56C3AE5B1FF6261300A7D1F5 /* PBXContainerItemProxy */ = {
			isa = PBXContainerItemProxy;
			containerPortal = 56C3ADBD1FF5D3C100A7D1F5 /* MusubiImagePreview.xcodeproj */;
			proxyType = 1;
			remoteGlobalIDString = 56C3AD761FF5D35D00A7D1F5;
			remoteInfo = MusubiImagePreview;
		};
/* End PBXContainerItemProxy section */

/* Begin PBXCopyFilesBuildPhase section */
		56C3AE5D1FF6261300A7D1F5 /* Embed Frameworks */ = {
			isa = PBXCopyFilesBuildPhase;
			buildActionMask = 2147483647;
			dstPath = "";
			dstSubfolderSpec = 10;
			files = (
				56C3AE5A1FF6261300A7D1F5 /* MusubiImagePreview.framework in Embed Frameworks */,
			);
			name = "Embed Frameworks";
			runOnlyForDeploymentPostprocessing = 0;
		};
/* End PBXCopyFilesBuildPhase section */

/* Begin PBXFileReference section */
		56C3AD9A1FF5D3B300A7D1F5 /* MusubiImagePreviewDemo.app */ = {isa = PBXFileReference; explicitFileType = wrapper.application; includeInIndex = 0; path = MusubiImagePreviewDemo.app; sourceTree = BUILT_PRODUCTS_DIR; };
		56C3AD9D1FF5D3B300A7D1F5 /* AppDelegate.swift */ = {isa = PBXFileReference; lastKnownFileType = sourcecode.swift; path = AppDelegate.swift; sourceTree = "<group>"; };
		56C3AD9F1FF5D3B300A7D1F5 /* ViewController.swift */ = {isa = PBXFileReference; lastKnownFileType = sourcecode.swift; path = ViewController.swift; sourceTree = "<group>"; };
		56C3ADA21FF5D3B300A7D1F5 /* Base */ = {isa = PBXFileReference; lastKnownFileType = file.storyboard; name = Base; path = Base.lproj/Main.storyboard; sourceTree = "<group>"; };
		56C3ADA41FF5D3B300A7D1F5 /* Assets.xcassets */ = {isa = PBXFileReference; lastKnownFileType = folder.assetcatalog; path = Assets.xcassets; sourceTree = "<group>"; };
		56C3ADA71FF5D3B300A7D1F5 /* Base */ = {isa = PBXFileReference; lastKnownFileType = file.storyboard; name = Base; path = Base.lproj/LaunchScreen.storyboard; sourceTree = "<group>"; };
		56C3ADA91FF5D3B300A7D1F5 /* Info.plist */ = {isa = PBXFileReference; lastKnownFileType = text.plist.xml; path = Info.plist; sourceTree = "<group>"; };
		56C3ADAE1FF5D3B300A7D1F5 /* MusubiImagePreviewDemoTests.xctest */ = {isa = PBXFileReference; explicitFileType = wrapper.cfbundle; includeInIndex = 0; path = MusubiImagePreviewDemoTests.xctest; sourceTree = BUILT_PRODUCTS_DIR; };
		56C3ADB21FF5D3B300A7D1F5 /* MusubiImagePreviewDemoTests.swift */ = {isa = PBXFileReference; lastKnownFileType = sourcecode.swift; path = MusubiImagePreviewDemoTests.swift; sourceTree = "<group>"; };
		56C3ADB41FF5D3B300A7D1F5 /* Info.plist */ = {isa = PBXFileReference; lastKnownFileType = text.plist.xml; path = Info.plist; sourceTree = "<group>"; };
		56C3ADBD1FF5D3C100A7D1F5 /* MusubiImagePreview.xcodeproj */ = {isa = PBXFileReference; lastKnownFileType = "wrapper.pb-project"; name = MusubiImagePreview.xcodeproj; path = ../MusubiImagePreview.xcodeproj; sourceTree = "<group>"; };
		56C3ADE51FF60D5A00A7D1F5 /* Twitter-halloween.png */ = {isa = PBXFileReference; lastKnownFileType = image.png; path = "Twitter-halloween.png"; sourceTree = "<group>"; };
/* End PBXFileReference section */

/* Begin PBXFrameworksBuildPhase section */
		56C3AD971FF5D3B300A7D1F5 /* Frameworks */ = {
			isa = PBXFrameworksBuildPhase;
			buildActionMask = 2147483647;
			files = (
				56C3AE591FF6261300A7D1F5 /* MusubiImagePreview.framework in Frameworks */,
			);
			runOnlyForDeploymentPostprocessing = 0;
		};
		56C3ADAB1FF5D3B300A7D1F5 /* Frameworks */ = {
			isa = PBXFrameworksBuildPhase;
			buildActionMask = 2147483647;
			files = (
			);
			runOnlyForDeploymentPostprocessing = 0;
		};
/* End PBXFrameworksBuildPhase section */

/* Begin PBXGroup section */
		56C3AD911FF5D3B300A7D1F5 = {
			isa = PBXGroup;
			children = (
				56C3ADBD1FF5D3C100A7D1F5 /* MusubiImagePreview.xcodeproj */,
				56C3AD9C1FF5D3B300A7D1F5 /* MusubiImagePreviewDemo */,
				56C3ADB11FF5D3B300A7D1F5 /* MusubiImagePreviewDemoTests */,
				56C3AD9B1FF5D3B300A7D1F5 /* Products */,
			);
			sourceTree = "<group>";
		};
		56C3AD9B1FF5D3B300A7D1F5 /* Products */ = {
			isa = PBXGroup;
			children = (
				56C3AD9A1FF5D3B300A7D1F5 /* MusubiImagePreviewDemo.app */,
				56C3ADAE1FF5D3B300A7D1F5 /* MusubiImagePreviewDemoTests.xctest */,
			);
			name = Products;
			sourceTree = "<group>";
		};
		56C3AD9C1FF5D3B300A7D1F5 /* MusubiImagePreviewDemo */ = {
			isa = PBXGroup;
			children = (
				56C3ADE51FF60D5A00A7D1F5 /* Twitter-halloween.png */,
				56C3AD9D1FF5D3B300A7D1F5 /* AppDelegate.swift */,
				56C3AD9F1FF5D3B300A7D1F5 /* ViewController.swift */,
				56C3ADA11FF5D3B300A7D1F5 /* Main.storyboard */,
				56C3ADA41FF5D3B300A7D1F5 /* Assets.xcassets */,
				56C3ADA61FF5D3B300A7D1F5 /* LaunchScreen.storyboard */,
				56C3ADA91FF5D3B300A7D1F5 /* Info.plist */,
			);
			path = MusubiImagePreviewDemo;
			sourceTree = "<group>";
		};
		56C3ADB11FF5D3B300A7D1F5 /* MusubiImagePreviewDemoTests */ = {
			isa = PBXGroup;
			children = (
				56C3ADB21FF5D3B300A7D1F5 /* MusubiImagePreviewDemoTests.swift */,
				56C3ADB41FF5D3B300A7D1F5 /* Info.plist */,
			);
			path = MusubiImagePreviewDemoTests;
			sourceTree = "<group>";
		};
		56C3ADBE1FF5D3C100A7D1F5 /* Products */ = {
			isa = PBXGroup;
			children = (
				56C3ADC31FF5D3C100A7D1F5 /* MusubiImagePreview.framework */,
				56C3ADC51FF5D3C100A7D1F5 /* MusubiImagePreviewTests.xctest */,
			);
			name = Products;
			sourceTree = "<group>";
		};
/* End PBXGroup section */

/* Begin PBXNativeTarget section */
		56C3AD991FF5D3B300A7D1F5 /* MusubiImagePreviewDemo */ = {
			isa = PBXNativeTarget;
			buildConfigurationList = 56C3ADB71FF5D3B300A7D1F5 /* Build configuration list for PBXNativeTarget "MusubiImagePreviewDemo" */;
			buildPhases = (
				56C3AD961FF5D3B300A7D1F5 /* Sources */,
				56C3AD971FF5D3B300A7D1F5 /* Frameworks */,
				56C3AD981FF5D3B300A7D1F5 /* Resources */,
				56C3AE5D1FF6261300A7D1F5 /* Embed Frameworks */,
			);
			buildRules = (
			);
			dependencies = (
				56C3AE571FF624E900A7D1F5 /* PBXTargetDependency */,
				56C3AE5C1FF6261300A7D1F5 /* PBXTargetDependency */,
			);
			name = MusubiImagePreviewDemo;
			productName = MusubiImagePreviewDemo;
			productReference = 56C3AD9A1FF5D3B300A7D1F5 /* MusubiImagePreviewDemo.app */;
			productType = "com.apple.product-type.application";
		};
		56C3ADAD1FF5D3B300A7D1F5 /* MusubiImagePreviewDemoTests */ = {
			isa = PBXNativeTarget;
			buildConfigurationList = 56C3ADBA1FF5D3B300A7D1F5 /* Build configuration list for PBXNativeTarget "MusubiImagePreviewDemoTests" */;
			buildPhases = (
				56C3ADAA1FF5D3B300A7D1F5 /* Sources */,
				56C3ADAB1FF5D3B300A7D1F5 /* Frameworks */,
				56C3ADAC1FF5D3B300A7D1F5 /* Resources */,
			);
			buildRules = (
			);
			dependencies = (
				56C3ADB01FF5D3B300A7D1F5 /* PBXTargetDependency */,
			);
			name = MusubiImagePreviewDemoTests;
			productName = MusubiImagePreviewDemoTests;
			productReference = 56C3ADAE1FF5D3B300A7D1F5 /* MusubiImagePreviewDemoTests.xctest */;
			productType = "com.apple.product-type.bundle.unit-test";
		};
/* End PBXNativeTarget section */

/* Begin PBXProject section */
		56C3AD921FF5D3B300A7D1F5 /* Project object */ = {
			isa = PBXProject;
			attributes = {
				LastSwiftUpdateCheck = 0920;
				LastUpgradeCheck = 0920;
				ORGANIZATIONNAME = ha1f;
				TargetAttributes = {
					56C3AD991FF5D3B300A7D1F5 = {
						CreatedOnToolsVersion = 9.2;
						ProvisioningStyle = Automatic;
					};
					56C3ADAD1FF5D3B300A7D1F5 = {
						CreatedOnToolsVersion = 9.2;
						ProvisioningStyle = Automatic;
						TestTargetID = 56C3AD991FF5D3B300A7D1F5;
					};
				};
			};
			buildConfigurationList = 56C3AD951FF5D3B300A7D1F5 /* Build configuration list for PBXProject "MusubiImagePreviewDemo" */;
			compatibilityVersion = "Xcode 8.0";
			developmentRegion = en;
			hasScannedForEncodings = 0;
			knownRegions = (
				en,
				Base,
			);
			mainGroup = 56C3AD911FF5D3B300A7D1F5;
			productRefGroup = 56C3AD9B1FF5D3B300A7D1F5 /* Products */;
			projectDirPath = "";
			projectReferences = (
				{
					ProductGroup = 56C3ADBE1FF5D3C100A7D1F5 /* Products */;
					ProjectRef = 56C3ADBD1FF5D3C100A7D1F5 /* MusubiImagePreview.xcodeproj */;
				},
			);
			projectRoot = "";
			targets = (
				56C3AD991FF5D3B300A7D1F5 /* MusubiImagePreviewDemo */,
				56C3ADAD1FF5D3B300A7D1F5 /* MusubiImagePreviewDemoTests */,
			);
		};
/* End PBXProject section */

/* Begin PBXReferenceProxy section */
		56C3ADC31FF5D3C100A7D1F5 /* MusubiImagePreview.framework */ = {
			isa = PBXReferenceProxy;
			fileType = wrapper.framework;
			path = MusubiImagePreview.framework;
			remoteRef = 56C3ADC21FF5D3C100A7D1F5 /* PBXContainerItemProxy */;
			sourceTree = BUILT_PRODUCTS_DIR;
		};
		56C3ADC51FF5D3C100A7D1F5 /* MusubiImagePreviewTests.xctest */ = {
			isa = PBXReferenceProxy;
			fileType = wrapper.cfbundle;
			path = MusubiImagePreviewTests.xctest;
			remoteRef = 56C3ADC41FF5D3C100A7D1F5 /* PBXContainerItemProxy */;
			sourceTree = BUILT_PRODUCTS_DIR;
		};
/* End PBXReferenceProxy section */

/* Begin PBXResourcesBuildPhase section */
		56C3AD981FF5D3B300A7D1F5 /* Resources */ = {
			isa = PBXResourcesBuildPhase;
			buildActionMask = 2147483647;
			files = (
				56C3ADA81FF5D3B300A7D1F5 /* LaunchScreen.storyboard in Resources */,
				56C3ADA51FF5D3B300A7D1F5 /* Assets.xcassets in Resources */,
				56C3ADA31FF5D3B300A7D1F5 /* Main.storyboard in Resources */,
				56C3ADE61FF60D5A00A7D1F5 /* Twitter-halloween.png in Resources */,
			);
			runOnlyForDeploymentPostprocessing = 0;
		};
		56C3ADAC1FF5D3B300A7D1F5 /* Resources */ = {
			isa = PBXResourcesBuildPhase;
			buildActionMask = 2147483647;
			files = (
			);
			runOnlyForDeploymentPostprocessing = 0;
		};
/* End PBXResourcesBuildPhase section */

/* Begin PBXSourcesBuildPhase section */
		56C3AD961FF5D3B300A7D1F5 /* Sources */ = {
			isa = PBXSourcesBuildPhase;
			buildActionMask = 2147483647;
			files = (
				56C3ADA01FF5D3B300A7D1F5 /* ViewController.swift in Sources */,
				56C3AD9E1FF5D3B300A7D1F5 /* AppDelegate.swift in Sources */,
			);
			runOnlyForDeploymentPostprocessing = 0;
		};
		56C3ADAA1FF5D3B300A7D1F5 /* Sources */ = {
			isa = PBXSourcesBuildPhase;
			buildActionMask = 2147483647;
			files = (
				56C3ADB31FF5D3B300A7D1F5 /* MusubiImagePreviewDemoTests.swift in Sources */,
			);
			runOnlyForDeploymentPostprocessing = 0;
		};
/* End PBXSourcesBuildPhase section */

/* Begin PBXTargetDependency section */
		56C3ADB01FF5D3B300A7D1F5 /* PBXTargetDependency */ = {
			isa = PBXTargetDependency;
			target = 56C3AD991FF5D3B300A7D1F5 /* MusubiImagePreviewDemo */;
			targetProxy = 56C3ADAF1FF5D3B300A7D1F5 /* PBXContainerItemProxy */;
		};
		56C3AE571FF624E900A7D1F5 /* PBXTargetDependency */ = {
			isa = PBXTargetDependency;
			name = MusubiImagePreview;
			targetProxy = 56C3AE561FF624E900A7D1F5 /* PBXContainerItemProxy */;
		};
		56C3AE5C1FF6261300A7D1F5 /* PBXTargetDependency */ = {
			isa = PBXTargetDependency;
			name = MusubiImagePreview;
			targetProxy = 56C3AE5B1FF6261300A7D1F5 /* PBXContainerItemProxy */;
		};
/* End PBXTargetDependency section */

/* Begin PBXVariantGroup section */
		56C3ADA11FF5D3B300A7D1F5 /* Main.storyboard */ = {
			isa = PBXVariantGroup;
			children = (
				56C3ADA21FF5D3B300A7D1F5 /* Base */,
			);
			name = Main.storyboard;
			sourceTree = "<group>";
		};
		56C3ADA61FF5D3B300A7D1F5 /* LaunchScreen.storyboard */ = {
			isa = PBXVariantGroup;
			children = (
				56C3ADA71FF5D3B300A7D1F5 /* Base */,
			);
			name = LaunchScreen.storyboard;
			sourceTree = "<group>";
		};
/* End PBXVariantGroup section */

/* Begin XCBuildConfiguration section */
		56C3ADB51FF5D3B300A7D1F5 /* Debug */ = {
			isa = XCBuildConfiguration;
			buildSettings = {
				ALWAYS_SEARCH_USER_PATHS = NO;
				CLANG_ANALYZER_NONNULL = YES;
				CLANG_ANALYZER_NUMBER_OBJECT_CONVERSION = YES_AGGRESSIVE;
				CLANG_CXX_LANGUAGE_STANDARD = "gnu++14";
				CLANG_CXX_LIBRARY = "libc++";
				CLANG_ENABLE_MODULES = YES;
				CLANG_ENABLE_OBJC_ARC = YES;
				CLANG_WARN_BLOCK_CAPTURE_AUTORELEASING = YES;
				CLANG_WARN_BOOL_CONVERSION = YES;
				CLANG_WARN_COMMA = YES;
				CLANG_WARN_CONSTANT_CONVERSION = YES;
				CLANG_WARN_DIRECT_OBJC_ISA_USAGE = YES_ERROR;
				CLANG_WARN_DOCUMENTATION_COMMENTS = YES;
				CLANG_WARN_EMPTY_BODY = YES;
				CLANG_WARN_ENUM_CONVERSION = YES;
				CLANG_WARN_INFINITE_RECURSION = YES;
				CLANG_WARN_INT_CONVERSION = YES;
				CLANG_WARN_NON_LITERAL_NULL_CONVERSION = YES;
				CLANG_WARN_OBJC_LITERAL_CONVERSION = YES;
				CLANG_WARN_OBJC_ROOT_CLASS = YES_ERROR;
				CLANG_WARN_RANGE_LOOP_ANALYSIS = YES;
				CLANG_WARN_STRICT_PROTOTYPES = YES;
				CLANG_WARN_SUSPICIOUS_MOVE = YES;
				CLANG_WARN_UNGUARDED_AVAILABILITY = YES_AGGRESSIVE;
				CLANG_WARN_UNREACHABLE_CODE = YES;
				CLANG_WARN__DUPLICATE_METHOD_MATCH = YES;
				CODE_SIGN_IDENTITY = "iPhone Developer";
				COPY_PHASE_STRIP = NO;
				DEBUG_INFORMATION_FORMAT = dwarf;
				ENABLE_STRICT_OBJC_MSGSEND = YES;
				ENABLE_TESTABILITY = YES;
				GCC_C_LANGUAGE_STANDARD = gnu11;
				GCC_DYNAMIC_NO_PIC = NO;
				GCC_NO_COMMON_BLOCKS = YES;
				GCC_OPTIMIZATION_LEVEL = 0;
				GCC_PREPROCESSOR_DEFINITIONS = (
					"DEBUG=1",
					"$(inherited)",
				);
				GCC_WARN_64_TO_32_BIT_CONVERSION = YES;
				GCC_WARN_ABOUT_RETURN_TYPE = YES_ERROR;
				GCC_WARN_UNDECLARED_SELECTOR = YES;
				GCC_WARN_UNINITIALIZED_AUTOS = YES_AGGRESSIVE;
				GCC_WARN_UNUSED_FUNCTION = YES;
				GCC_WARN_UNUSED_VARIABLE = YES;
				IPHONEOS_DEPLOYMENT_TARGET = 10.0;
				MTL_ENABLE_DEBUG_INFO = YES;
				ONLY_ACTIVE_ARCH = YES;
				SDKROOT = iphoneos;
				SWIFT_ACTIVE_COMPILATION_CONDITIONS = DEBUG;
				SWIFT_OPTIMIZATION_LEVEL = "-Onone";
			};
			name = Debug;
		};
		56C3ADB61FF5D3B300A7D1F5 /* Release */ = {
			isa = XCBuildConfiguration;
			buildSettings = {
				ALWAYS_SEARCH_USER_PATHS = NO;
				CLANG_ANALYZER_NONNULL = YES;
				CLANG_ANALYZER_NUMBER_OBJECT_CONVERSION = YES_AGGRESSIVE;
				CLANG_CXX_LANGUAGE_STANDARD = "gnu++14";
				CLANG_CXX_LIBRARY = "libc++";
				CLANG_ENABLE_MODULES = YES;
				CLANG_ENABLE_OBJC_ARC = YES;
				CLANG_WARN_BLOCK_CAPTURE_AUTORELEASING = YES;
				CLANG_WARN_BOOL_CONVERSION = YES;
				CLANG_WARN_COMMA = YES;
				CLANG_WARN_CONSTANT_CONVERSION = YES;
				CLANG_WARN_DIRECT_OBJC_ISA_USAGE = YES_ERROR;
				CLANG_WARN_DOCUMENTATION_COMMENTS = YES;
				CLANG_WARN_EMPTY_BODY = YES;
				CLANG_WARN_ENUM_CONVERSION = YES;
				CLANG_WARN_INFINITE_RECURSION = YES;
				CLANG_WARN_INT_CONVERSION = YES;
				CLANG_WARN_NON_LITERAL_NULL_CONVERSION = YES;
				CLANG_WARN_OBJC_LITERAL_CONVERSION = YES;
				CLANG_WARN_OBJC_ROOT_CLASS = YES_ERROR;
				CLANG_WARN_RANGE_LOOP_ANALYSIS = YES;
				CLANG_WARN_STRICT_PROTOTYPES = YES;
				CLANG_WARN_SUSPICIOUS_MOVE = YES;
				CLANG_WARN_UNGUARDED_AVAILABILITY = YES_AGGRESSIVE;
				CLANG_WARN_UNREACHABLE_CODE = YES;
				CLANG_WARN__DUPLICATE_METHOD_MATCH = YES;
				CODE_SIGN_IDENTITY = "iPhone Developer";
				COPY_PHASE_STRIP = NO;
				DEBUG_INFORMATION_FORMAT = "dwarf-with-dsym";
				ENABLE_NS_ASSERTIONS = NO;
				ENABLE_STRICT_OBJC_MSGSEND = YES;
				GCC_C_LANGUAGE_STANDARD = gnu11;
				GCC_NO_COMMON_BLOCKS = YES;
				GCC_WARN_64_TO_32_BIT_CONVERSION = YES;
				GCC_WARN_ABOUT_RETURN_TYPE = YES_ERROR;
				GCC_WARN_UNDECLARED_SELECTOR = YES;
				GCC_WARN_UNINITIALIZED_AUTOS = YES_AGGRESSIVE;
				GCC_WARN_UNUSED_FUNCTION = YES;
				GCC_WARN_UNUSED_VARIABLE = YES;
				IPHONEOS_DEPLOYMENT_TARGET = 10.0;
				MTL_ENABLE_DEBUG_INFO = NO;
				SDKROOT = iphoneos;
				SWIFT_OPTIMIZATION_LEVEL = "-Owholemodule";
				VALIDATE_PRODUCT = YES;
			};
			name = Release;
		};
		56C3ADB81FF5D3B300A7D1F5 /* Debug */ = {
			isa = XCBuildConfiguration;
			buildSettings = {
				ALWAYS_EMBED_SWIFT_STANDARD_LIBRARIES = YES;
				ASSETCATALOG_COMPILER_APPICON_NAME = AppIcon;
				CODE_SIGN_STYLE = Automatic;
				DEVELOPMENT_TEAM = V723YSJ67H;
				INFOPLIST_FILE = MusubiImagePreviewDemo/Info.plist;
				LD_RUNPATH_SEARCH_PATHS = "$(inherited) @executable_path/Frameworks";
				PRODUCT_BUNDLE_IDENTIFIER = net.ha1f.MusubiImagePreviewDemo;
				PRODUCT_NAME = "$(TARGET_NAME)";
				SWIFT_VERSION = 4.0;
				TARGETED_DEVICE_FAMILY = "1,2";
			};
			name = Debug;
		};
		56C3ADB91FF5D3B300A7D1F5 /* Release */ = {
			isa = XCBuildConfiguration;
			buildSettings = {
				ALWAYS_EMBED_SWIFT_STANDARD_LIBRARIES = YES;
				ASSETCATALOG_COMPILER_APPICON_NAME = AppIcon;
				CODE_SIGN_STYLE = Automatic;
				DEVELOPMENT_TEAM = V723YSJ67H;
				INFOPLIST_FILE = MusubiImagePreviewDemo/Info.plist;
				LD_RUNPATH_SEARCH_PATHS = "$(inherited) @executable_path/Frameworks";
				PRODUCT_BUNDLE_IDENTIFIER = net.ha1f.MusubiImagePreviewDemo;
				PRODUCT_NAME = "$(TARGET_NAME)";
				SWIFT_VERSION = 4.0;
				TARGETED_DEVICE_FAMILY = "1,2";
			};
			name = Release;
		};
		56C3ADBB1FF5D3B300A7D1F5 /* Debug */ = {
			isa = XCBuildConfiguration;
			buildSettings = {
				ALWAYS_EMBED_SWIFT_STANDARD_LIBRARIES = YES;
				BUNDLE_LOADER = "$(TEST_HOST)";
				CODE_SIGN_STYLE = Automatic;
				DEVELOPMENT_TEAM = V723YSJ67H;
				INFOPLIST_FILE = MusubiImagePreviewDemoTests/Info.plist;
				LD_RUNPATH_SEARCH_PATHS = "$(inherited) @executable_path/Frameworks @loader_path/Frameworks";
				PRODUCT_BUNDLE_IDENTIFIER = net.ha1f.MusubiImagePreviewDemoTests;
				PRODUCT_NAME = "$(TARGET_NAME)";
				SWIFT_VERSION = 4.0;
				TARGETED_DEVICE_FAMILY = "1,2";
				TEST_HOST = "$(BUILT_PRODUCTS_DIR)/MusubiImagePreviewDemo.app/MusubiImagePreviewDemo";
			};
			name = Debug;
		};
		56C3ADBC1FF5D3B300A7D1F5 /* Release */ = {
			isa = XCBuildConfiguration;
			buildSettings = {
				ALWAYS_EMBED_SWIFT_STANDARD_LIBRARIES = YES;
				BUNDLE_LOADER = "$(TEST_HOST)";
				CODE_SIGN_STYLE = Automatic;
				DEVELOPMENT_TEAM = V723YSJ67H;
				INFOPLIST_FILE = MusubiImagePreviewDemoTests/Info.plist;
				LD_RUNPATH_SEARCH_PATHS = "$(inherited) @executable_path/Frameworks @loader_path/Frameworks";
				PRODUCT_BUNDLE_IDENTIFIER = net.ha1f.MusubiImagePreviewDemoTests;
				PRODUCT_NAME = "$(TARGET_NAME)";
				SWIFT_VERSION = 4.0;
				TARGETED_DEVICE_FAMILY = "1,2";
				TEST_HOST = "$(BUILT_PRODUCTS_DIR)/MusubiImagePreviewDemo.app/MusubiImagePreviewDemo";
			};
			name = Release;
		};
/* End XCBuildConfiguration section */

/* Begin XCConfigurationList section */
		56C3AD951FF5D3B300A7D1F5 /* Build configuration list for PBXProject "MusubiImagePreviewDemo" */ = {
			isa = XCConfigurationList;
			buildConfigurations = (
				56C3ADB51FF5D3B300A7D1F5 /* Debug */,
				56C3ADB61FF5D3B300A7D1F5 /* Release */,
			);
			defaultConfigurationIsVisible = 0;
			defaultConfigurationName = Release;
		};
		56C3ADB71FF5D3B300A7D1F5 /* Build configuration list for PBXNativeTarget "MusubiImagePreviewDemo" */ = {
			isa = XCConfigurationList;
			buildConfigurations = (
				56C3ADB81FF5D3B300A7D1F5 /* Debug */,
				56C3ADB91FF5D3B300A7D1F5 /* Release */,
			);
			defaultConfigurationIsVisible = 0;
			defaultConfigurationName = Release;
		};
		56C3ADBA1FF5D3B300A7D1F5 /* Build configuration list for PBXNativeTarget "MusubiImagePreviewDemoTests" */ = {
			isa = XCConfigurationList;
			buildConfigurations = (
				56C3ADBB1FF5D3B300A7D1F5 /* Debug */,
				56C3ADBC1FF5D3B300A7D1F5 /* Release */,
			);
			defaultConfigurationIsVisible = 0;
			defaultConfigurationName = Release;
		};
/* End XCConfigurationList section */
	};
	rootObject = 56C3AD921FF5D3B300A7D1F5 /* Project object */;
}
